# THIS IS AN AUTOGENERATED FILE. DO NOT EDIT THIS FILE DIRECTLY.
# yarn lockfile v1


"@ampproject/remapping@^2.2.0":
  version "2.3.0"
  dependencies:
    "@jridgewell/gen-mapping" "^0.3.5"
    "@jridgewell/trace-mapping" "^0.3.24"

"@babel/code-frame@^7.23.5", "@babel/code-frame@^7.24.2":
  version "7.24.2"
  dependencies:
    "@babel/highlight" "^7.24.2"
    picocolors "^1.0.0"

"@babel/compat-data@^7.23.5":
  version "7.24.4"

"@babel/core@^7.0.0", "@babel/core@^7.0.0-0":
  version "7.24.5"
  dependencies:
    "@ampproject/remapping" "^2.2.0"
    "@babel/code-frame" "^7.24.2"
    "@babel/generator" "^7.24.5"
    "@babel/helper-compilation-targets" "^7.23.6"
    "@babel/helper-module-transforms" "^7.24.5"
    "@babel/helpers" "^7.24.5"
    "@babel/parser" "^7.24.5"
    "@babel/template" "^7.24.0"
    "@babel/traverse" "^7.24.5"
    "@babel/types" "^7.24.5"
    convert-source-map "^2.0.0"
    debug "^4.1.0"
    gensync "^1.0.0-beta.2"
    json5 "^2.2.3"
    semver "^6.3.1"

"@babel/generator@^7.24.5":
  version "7.24.5"
  dependencies:
    "@babel/types" "^7.24.5"
    "@jridgewell/gen-mapping" "^0.3.5"
    "@jridgewell/trace-mapping" "^0.3.25"
    jsesc "^2.5.1"

"@babel/helper-annotate-as-pure@^7.22.5":
  version "7.22.5"
  resolved "https://registry.npmmirror.com/@babel/helper-annotate-as-pure/-/helper-annotate-as-pure-7.22.5.tgz"
  integrity sha512-LvBTxu8bQSQkcyKOU+a1btnNFQ1dMAd0R6PyW3arXes06F6QLWLIrd681bxRPIXlrMGR3XYnW9JyML7dP3qgxg==
  dependencies:
    "@babel/types" "^7.22.5"

"@babel/helper-compilation-targets@^7.23.6":
  version "7.23.6"
  dependencies:
    "@babel/compat-data" "^7.23.5"
    "@babel/helper-validator-option" "^7.23.5"
    browserslist "^4.22.2"
    lru-cache "^5.1.1"
    semver "^6.3.1"

"@babel/helper-environment-visitor@^7.22.20":
  version "7.22.20"

"@babel/helper-function-name@^7.23.0":
  version "7.23.0"
  dependencies:
    "@babel/template" "^7.22.15"
    "@babel/types" "^7.23.0"

"@babel/helper-hoist-variables@^7.22.5":
  version "7.22.5"
  dependencies:
    "@babel/types" "^7.22.5"

"@babel/helper-module-imports@^7.22.15", "@babel/helper-module-imports@^7.24.3":
  version "7.24.3"
  dependencies:
    "@babel/types" "^7.24.0"

"@babel/helper-module-transforms@^7.24.5":
  version "7.24.5"
  dependencies:
    "@babel/helper-environment-visitor" "^7.22.20"
    "@babel/helper-module-imports" "^7.24.3"
    "@babel/helper-simple-access" "^7.24.5"
    "@babel/helper-split-export-declaration" "^7.24.5"
    "@babel/helper-validator-identifier" "^7.24.5"

"@babel/helper-plugin-utils@^7.22.5", "@babel/helper-plugin-utils@^7.24.0":
  version "7.24.5"
  resolved "https://registry.npmmirror.com/@babel/helper-plugin-utils/-/helper-plugin-utils-7.24.5.tgz"
  integrity sha512-xjNLDopRzW2o6ba0gKbkZq5YWEBaK3PCyTOY1K2P/O07LGMhMqlMXPxwN4S5/RhWuCobT8z0jrlKGlYmeR1OhQ==

"@babel/helper-simple-access@^7.24.5":
  version "7.24.5"
  dependencies:
    "@babel/types" "^7.24.5"

"@babel/helper-split-export-declaration@^7.24.5":
  version "7.24.5"
  dependencies:
    "@babel/types" "^7.24.5"

"@babel/helper-string-parser@^7.24.1":
  version "7.24.1"

"@babel/helper-validator-identifier@^7.24.5":
  version "7.24.5"

"@babel/helper-validator-option@^7.23.5":
  version "7.23.5"

"@babel/helpers@^7.24.5":
  version "7.24.5"
  dependencies:
    "@babel/template" "^7.24.0"
    "@babel/traverse" "^7.24.5"
    "@babel/types" "^7.24.5"

"@babel/highlight@^7.24.2":
  version "7.24.5"
  dependencies:
    "@babel/helper-validator-identifier" "^7.24.5"
    chalk "^2.4.2"
    js-tokens "^4.0.0"
    picocolors "^1.0.0"

"@babel/parser@^7.24.0", "@babel/parser@^7.24.5":
  version "7.24.5"

"@babel/plugin-syntax-jsx@^7.23.3":
  version "7.24.1"
  resolved "https://registry.npmmirror.com/@babel/plugin-syntax-jsx/-/plugin-syntax-jsx-7.24.1.tgz"
  integrity sha512-2eCtxZXf+kbkMIsXS4poTvT4Yu5rXiRa+9xGVT56raghjmBTKMpFNc9R4IDiB4emao9eO22Ox7CxuJG7BgExqA==
  dependencies:
    "@babel/helper-plugin-utils" "^7.24.0"

"@babel/plugin-transform-react-display-name@^7.24.1":
  version "7.24.1"
  resolved "https://registry.npmmirror.com/@babel/plugin-transform-react-display-name/-/plugin-transform-react-display-name-7.24.1.tgz"
  integrity sha512-mvoQg2f9p2qlpDQRBC7M3c3XTr0k7cp/0+kFKKO/7Gtu0LSw16eKB+Fabe2bDT/UpsyasTBBkAnbdsLrkD5XMw==
  dependencies:
    "@babel/helper-plugin-utils" "^7.24.0"

"@babel/plugin-transform-react-jsx-development@^7.22.5":
  version "7.22.5"
  resolved "https://registry.npmmirror.com/@babel/plugin-transform-react-jsx-development/-/plugin-transform-react-jsx-development-7.22.5.tgz"
  integrity sha512-bDhuzwWMuInwCYeDeMzyi7TaBgRQei6DqxhbyniL7/VG4RSS7HtSL2QbY4eESy1KJqlWt8g3xeEBGPuo+XqC8A==
  dependencies:
    "@babel/plugin-transform-react-jsx" "^7.22.5"

"@babel/plugin-transform-react-jsx@^7.22.5", "@babel/plugin-transform-react-jsx@^7.23.4":
  version "7.23.4"
  resolved "https://registry.npmmirror.com/@babel/plugin-transform-react-jsx/-/plugin-transform-react-jsx-7.23.4.tgz"
  integrity sha512-5xOpoPguCZCRbo/JeHlloSkTA8Bld1J/E1/kLfD1nsuiW1m8tduTA1ERCgIZokDflX/IBzKcqR3l7VlRgiIfHA==
  dependencies:
    "@babel/helper-annotate-as-pure" "^7.22.5"
    "@babel/helper-module-imports" "^7.22.15"
    "@babel/helper-plugin-utils" "^7.22.5"
    "@babel/plugin-syntax-jsx" "^7.23.3"
    "@babel/types" "^7.23.4"

"@babel/plugin-transform-react-pure-annotations@^7.24.1":
  version "7.24.1"
  resolved "https://registry.npmmirror.com/@babel/plugin-transform-react-pure-annotations/-/plugin-transform-react-pure-annotations-7.24.1.tgz"
  integrity sha512-+pWEAaDJvSm9aFvJNpLiM2+ktl2Sn2U5DdyiWdZBxmLc6+xGt88dvFqsHiAiDS+8WqUwbDfkKz9jRxK3M0k+kA==
  dependencies:
    "@babel/helper-annotate-as-pure" "^7.22.5"
    "@babel/helper-plugin-utils" "^7.24.0"

"@babel/preset-react@^7.24.1":
  version "7.24.1"
  resolved "https://registry.npmmirror.com/@babel/preset-react/-/preset-react-7.24.1.tgz"
  integrity sha512-eFa8up2/8cZXLIpkafhaADTXSnl7IsUFCYenRWrARBz0/qZwcT0RBXpys0LJU4+WfPoF2ZG6ew6s2V6izMCwRA==
  dependencies:
    "@babel/helper-plugin-utils" "^7.24.0"
    "@babel/helper-validator-option" "^7.23.5"
    "@babel/plugin-transform-react-display-name" "^7.24.1"
    "@babel/plugin-transform-react-jsx" "^7.23.4"
    "@babel/plugin-transform-react-jsx-development" "^7.22.5"
    "@babel/plugin-transform-react-pure-annotations" "^7.24.1"

"@babel/runtime@^7.17.8":
  version "7.24.5"
  dependencies:
    regenerator-runtime "^0.14.0"

"@babel/template@^7.22.15", "@babel/template@^7.24.0":
  version "7.24.0"
  dependencies:
    "@babel/code-frame" "^7.23.5"
    "@babel/parser" "^7.24.0"
    "@babel/types" "^7.24.0"

"@babel/traverse@^7.24.5":
  version "7.24.5"
  dependencies:
    "@babel/code-frame" "^7.24.2"
    "@babel/generator" "^7.24.5"
    "@babel/helper-environment-visitor" "^7.22.20"
    "@babel/helper-function-name" "^7.23.0"
    "@babel/helper-hoist-variables" "^7.22.5"
    "@babel/helper-split-export-declaration" "^7.24.5"
    "@babel/parser" "^7.24.5"
    "@babel/types" "^7.24.5"
    debug "^4.3.1"
    globals "^11.1.0"

"@babel/types@^7.22.5", "@babel/types@^7.23.0", "@babel/types@^7.23.4", "@babel/types@^7.24.0", "@babel/types@^7.24.5":
  version "7.24.5"
  dependencies:
    "@babel/helper-string-parser" "^7.24.1"
    "@babel/helper-validator-identifier" "^7.24.5"
    to-fast-properties "^2.0.0"

"@emotion/is-prop-valid@^0.8.2":
  version "0.8.8"
  resolved "https://registry.npmjs.org/@emotion/is-prop-valid/-/is-prop-valid-0.8.8.tgz"
  integrity sha512-u5WtneEAr5IDG2Wv65yhunPSMLIpuKsbuOktRojfrEiEvRyC85LgPMZI63cr7NUqT8ZIGdSVg8ZKGxIug4lXcA==
  dependencies:
    "@emotion/memoize" "0.7.4"

"@emotion/memoize@0.7.4":
  version "0.7.4"
  resolved "https://registry.npmjs.org/@emotion/memoize/-/memoize-0.7.4.tgz"
  integrity sha512-Ja/Vfqe3HpuzRsG1oBtWTHk2PGZ7GR+2Vz5iYGelAw8dx32K0y7PjVuxK6z1nMpZOqAFsRUPCkK1YjJ56qJlgw==

"@jridgewell/gen-mapping@^0.3.5":
  version "0.3.5"
  dependencies:
    "@jridgewell/set-array" "^1.2.1"
    "@jridgewell/sourcemap-codec" "^1.4.10"
    "@jridgewell/trace-mapping" "^0.3.24"

"@jridgewell/resolve-uri@^3.1.0":
  version "3.1.2"

"@jridgewell/set-array@^1.2.1":
  version "1.2.1"

"@jridgewell/sourcemap-codec@^1.4.10", "@jridgewell/sourcemap-codec@^1.4.14":
  version "1.4.15"

"@jridgewell/trace-mapping@^0.3.24", "@jridgewell/trace-mapping@^0.3.25":
  version "0.3.25"
  dependencies:
    "@jridgewell/resolve-uri" "^3.1.0"
    "@jridgewell/sourcemap-codec" "^1.4.14"

"@react-three/fiber@^8.2.2":
  version "8.16.6"
  dependencies:
    "@babel/runtime" "^7.17.8"
    "@types/react-reconciler" "^0.26.7"
    "@types/webxr" "*"
    base64-js "^1.5.1"
    buffer "^6.0.3"
    its-fine "^1.0.6"
    react-reconciler "^0.27.0"
    react-use-measure "^2.1.1"
    scheduler "^0.21.0"
    suspend-react "^0.1.3"
    zustand "^3.7.1"

"@types/prop-types@*":
  version "15.7.12"

"@types/react-reconciler@^0.26.7":
  version "0.26.7"
  dependencies:
    "@types/react" "*"

"@types/react-reconciler@^0.28.0":
  version "0.28.8"
  dependencies:
    "@types/react" "*"

"@types/react@*":
  version "18.3.2"
  dependencies:
    "@types/prop-types" "*"
    csstype "^3.0.2"

"@types/webxr@*":
  version "0.5.16"

ansi-styles@^3.2.1:
  version "3.2.1"
  dependencies:
    color-convert "^1.9.0"

base64-js@^1.3.1, base64-js@^1.5.1:
  version "1.5.1"

browserslist@^4.22.2, "browserslist@>= 4.21.0":
  version "4.23.0"
  dependencies:
    caniuse-lite "^1.0.30001587"
    electron-to-chromium "^1.4.668"
    node-releases "^2.0.14"
    update-browserslist-db "^1.0.13"

buffer@^6.0.3:
  version "6.0.3"
  dependencies:
    base64-js "^1.3.1"
    ieee754 "^1.2.1"

caniuse-lite@^1.0.30001587:
  version "1.0.30001621"
  resolved "https://registry.npmmirror.com/caniuse-lite/-/caniuse-lite-1.0.30001621.tgz"
  integrity sha512-+NLXZiviFFKX0fk8Piwv3PfLPGtRqJeq2TiNoUff/qB5KJgwecJTvCXDpmlyP/eCI/GUEmp/h/y5j0yckiiZrA==

chalk@^2.4.2:
  version "2.4.2"
  dependencies:
    ansi-styles "^3.2.1"
    escape-string-regexp "^1.0.5"
    supports-color "^5.3.0"

color-convert@^1.9.0:
  version "1.9.3"
  dependencies:
    color-name "1.1.3"

color-name@1.1.3:
  version "1.1.3"

convert-source-map@^2.0.0:
  version "2.0.0"

cors@^2.8.5:
  version "2.8.5"
  resolved "https://registry.npmmirror.com/cors/-/cors-2.8.5.tgz"
  integrity sha512-KIHbLJqu73RGr/hnbrO9uBeixNGuvSQjul/jdFvS/KFSIH1hWVd1ng7zOHx+YrEfInLG7q4n6GHQ9cDtxv/P6g==
  dependencies:
    object-assign "^4"
    vary "^1"

csstype@^3.0.2:
  version "3.1.3"

debounce@^1.2.1:
  version "1.2.1"

debug@^4.1.0, debug@^4.3.1:
  version "4.3.4"
  dependencies:
    ms "2.1.2"

electron-to-chromium@^1.4.668:
  version "1.4.774"

escalade@^3.1.2:
  version "3.1.2"

escape-string-regexp@^1.0.5:
  version "1.0.5"

framer-motion-3d@^10.16.16:
  version "10.16.16"
  resolved "https://registry.npmjs.org/framer-motion-3d/-/framer-motion-3d-10.16.16.tgz"
  integrity sha512-5yKU0V5MHmCf/2LDVFV8xiGjf7T4p8qxZe06DSkwCOc0ZmWARfiWRM8tsfz3XzInJ3cOI13RJb3RKtjyKjXXNg==
  dependencies:
    framer-motion "^10.16.16"
    react-merge-refs "^2.0.1"

framer-motion@^10.16.16:
  version "10.18.0"
  resolved "https://registry.npmmirror.com/framer-motion/-/framer-motion-10.18.0.tgz"
  integrity sha512-oGlDh1Q1XqYPksuTD/usb0I70hq95OUzmL9+6Zd+Hs4XV0oaISBa/UUMSjYiq6m8EUF32132mOJ8xVZS+I0S6w==
  dependencies:
    tslib "^2.4.0"
  optionalDependencies:
    "@emotion/is-prop-valid" "^0.8.2"

gensync@^1.0.0-beta.2:
  version "1.0.0-beta.2"

globals@^11.1.0:
  version "11.12.0"

has-flag@^3.0.0:
  version "3.0.0"

ieee754@^1.2.1:
  version "1.2.1"

its-fine@^1.0.6:
  version "1.2.5"
  dependencies:
    "@types/react-reconciler" "^0.28.0"

"js-tokens@^3.0.0 || ^4.0.0", js-tokens@^4.0.0:
  version "4.0.0"

jsesc@^2.5.1:
  version "2.5.2"

json5@^2.2.3:
  version "2.2.3"

loose-envify@^1.1.0:
  version "1.4.0"
  dependencies:
    js-tokens "^3.0.0 || ^4.0.0"

lru-cache@^5.1.1:
  version "5.1.1"
  dependencies:
    yallist "^3.0.2"

ms@2.1.2:
  version "2.1.2"

node-releases@^2.0.14:
  version "2.0.14"

object-assign@^4:
  version "4.1.1"
  resolved "https://registry.npmmirror.com/object-assign/-/object-assign-4.1.1.tgz"
  integrity sha512-rJgTQnkUnH1sFw8yT6VSU3zD3sWmu6sZhIseY8VX+GRu3P6F7Fu+JNDoXfklElbLJSnc3FUQHVe4cU5hj+BcUg==

picocolors@^1.0.0, picocolors@^1.0.1:
  version "1.0.1"

react-dom@^18.0.0, react-dom@>=16.13, react-dom@>=18.0:
  version "18.3.1"
  dependencies:
    loose-envify "^1.1.0"
    scheduler "^0.23.2"

react-merge-refs@^2.0.1:
  version "2.1.1"
  resolved "https://registry.npmjs.org/react-merge-refs/-/react-merge-refs-2.1.1.tgz"
  integrity sha512-jLQXJ/URln51zskhgppGJ2ub7b2WFKGq3cl3NYKtlHoTG+dN2q7EzWrn3hN3EgPsTMvpR9tpq5ijdp7YwFZkag==

react-reconciler@^0.27.0:
  version "0.27.0"
  resolved "https://registry.npmmirror.com/react-reconciler/-/react-reconciler-0.27.0.tgz"
  integrity sha512-HmMDKciQjYmBRGuuhIaKA1ba/7a+UsM5FzOZsMO2JYHt9Jh8reCb7j1eDC95NOyUlKM9KRyvdx0flBuDvYSBoA==
  dependencies:
    loose-envify "^1.1.0"
    scheduler "^0.21.0"

react-use-measure@^2.1.1:
  version "2.1.1"
  dependencies:
    debounce "^1.2.1"

react@^18.0.0, react@^18.3.1, react@>=16.13, react@>=16.8, react@>=17.0, react@>=18.0:
  version "18.3.1"
  dependencies:
    loose-envify "^1.1.0"

regenerator-runtime@^0.14.0:
  version "0.14.1"

scheduler@^0.21.0:
  version "0.21.0"
  dependencies:
    loose-envify "^1.1.0"

scheduler@^0.23.2:
  version "0.23.2"
  dependencies:
    loose-envify "^1.1.0"

semver@^6.3.1:
  version "6.3.1"

supports-color@^5.3.0:
  version "5.5.0"
  dependencies:
    has-flag "^3.0.0"

suspend-react@^0.1.3:
  version "0.1.3"

three@>=0.133:
  version "0.164.1"
  resolved "https://registry.npmmirror.com/three/-/three-0.164.1.tgz"
  integrity sha512-iC/hUBbl1vzFny7f5GtqzVXYjMJKaTPxiCxXfrvVdBi1Sf+jhd1CAkitiFwC7mIBFCo3MrDLJG97yisoaWig0w==

to-fast-properties@^2.0.0:
  version "2.0.0"

tslib@^2.4.0:
  version "2.6.2"
  resolved "https://registry.npmjs.org/tslib/-/tslib-2.6.2.tgz"
  integrity sha512-AEYxH93jGFPn/a2iVAwW87VuUIkR1FVUKB77NwMF7nBTDkDrrT/Hpt/IrCJ0QXhW27jTBDcf5ZY7w6RiqTMw2Q==

update-browserslist-db@^1.0.13:
  version "1.0.16"
  dependencies:
    escalade "^3.1.2"
    picocolors "^1.0.1"

vary@^1:
  version "1.1.2"
  resolved "https://registry.npmmirror.com/vary/-/vary-1.1.2.tgz"
  integrity sha512-BNGbWLfd0eUPabhkXUVm0j8uuvREyTh5ovRa/dyow/BqAbZJyC+5fU+IzQOzmAKzYqYRAISoRhdQr3eIZ/PXqg==

yallist@^3.0.2:
  version "3.1.1"

zustand@^3.7.1:
  version "3.7.2"
